
Microsoft Visual Studio Solution File, Format Version 12.00
# Visual Studio 15
VisualStudioVersion = 15.0.26124.0
MinimumVisualStudioVersion = 15.0.26124.0
Project("{2150E333-8FDC-42A3-9474-1A3956D46DE8}") = "src", "src", "{65B06B3E-1DF0-4CB5-B568-9C869A43651C}"
EndProject
Project("{FAE04EC0-301F-11D3-BF4B-00C04F79EFBC}") = "Gradebook", "src\GradeBook\Gradebook.csproj", "{84DD47A7-728D-4221-BF03-D29F38D67900}"
EndProject
Project("{2150E333-8FDC-42A3-9474-1A3956D46DE8}") = "test", "test", "{E0E63FCE-6DAA-4717-9057-B9BA96ACFB86}"
EndProject
Project("{FAE04EC0-301F-11D3-BF4B-00C04F79EFBC}") = "GradeBook.Tests", "test\GradeBook.Tests\GradeBook.Tests.csproj", "{681ECA49-7810-462C-AE8D-015E9C8DC2F1}"
EndProject
Global
	GlobalSection(SolutionConfigurationPlatforms) = preSolution
		Debug|Any CPU = Debug|Any CPU
		Debug|x64 = Debug|x64
		Debug|x86 = Debug|x86
		Release|Any CPU = Release|Any CPU
		Release|x64 = Release|x64
		Release|x86 = Release|x86
	EndGlobalSection
	GlobalSection(SolutionProperties) = preSolution
		HideSolutionNode = FALSE
	EndGlobalSection
	GlobalSection(ProjectConfigurationPlatforms) = postSolution
		{84DD47A7-728D-4221-BF03-D29F38D67900}.Debug|Any CPU.ActiveCfg = Debug|Any CPU
		{84DD47A7-728D-4221-BF03-D29F38D67900}.Debug|Any CPU.Build.0 = Debug|Any CPU
		{84DD47A7-728D-4221-BF03-D29F38D67900}.Debug|x64.ActiveCfg = Debug|Any CPU
		{84DD47A7-728D-4221-BF03-D29F38D67900}.Debug|x64.Build.0 = Debug|Any CPU
		{84DD47A7-728D-4221-BF03-D29F38D67900}.Debug|x86.ActiveCfg = Debug|Any CPU
		{84DD47A7-728D-4221-BF03-D29F38D67900}.Debug|x86.Build.0 = Debug|Any CPU
		{84DD47A7-728D-4221-BF03-D29F38D67900}.Release|Any CPU.ActiveCfg = Release|Any CPU
		{84DD47A7-728D-4221-BF03-D29F38D67900}.Release|Any CPU.Build.0 = Release|Any CPU
		{84DD47A7-728D-4221-BF03-D29F38D67900}.Release|x64.ActiveCfg = Release|Any CPU
		{84DD47A7-728D-4221-BF03-D29F38D67900}.Release|x64.Build.0 = Release|Any CPU
		{84DD47A7-728D-4221-BF03-D29F38D67900}.Release|x86.ActiveCfg = Release|Any CPU
		{84DD47A7-728D-4221-BF03-D29F38D67900}.Release|x86.Build.0 = Release|Any CPU
		{681ECA49-7810-462C-AE8D-015E9C8DC2F1}.Debug|Any CPU.ActiveCfg = Debug|Any CPU
		{681ECA49-7810-462C-AE8D-015E9C8DC2F1}.Debug|Any CPU.Build.0 = Debug|Any CPU
		{681ECA49-7810-462C-AE8D-015E9C8DC2F1}.Debug|x64.ActiveCfg = Debug|Any CPU
		{681ECA49-7810-462C-AE8D-015E9C8DC2F1}.Debug|x64.Build.0 = Debug|Any CPU
		{681ECA49-7810-462C-AE8D-015E9C8DC2F1}.Debug|x86.ActiveCfg = Debug|Any CPU
		{681ECA49-7810-462C-AE8D-015E9C8DC2F1}.Debug|x86.Build.0 = Debug|Any CPU
		{681ECA49-7810-462C-AE8D-015E9C8DC2F1}.Release|Any CPU.ActiveCfg = Release|Any CPU
		{681ECA49-7810-462C-AE8D-015E9C8DC2F1}.Release|Any CPU.Build.0 = Release|Any CPU
		{681ECA49-7810-462C-AE8D-015E9C8DC2F1}.Release|x64.ActiveCfg = Release|Any CPU
		{681ECA49-7810-462C-AE8D-015E9C8DC2F1}.Release|x64.Build.0 = Release|Any CPU
		{681ECA49-7810-462C-AE8D-015E9C8DC2F1}.Release|x86.ActiveCfg = Release|Any CPU
		{681ECA49-7810-462C-AE8D-015E9C8DC2F1}.Release|x86.Build.0 = Release|Any CPU
	EndGlobalSection
	GlobalSection(NestedProjects) = preSolution
		{84DD47A7-728D-4221-BF03-D29F38D67900} = {65B06B3E-1DF0-4CB5-B568-9C869A43651C}
		{681ECA49-7810-462C-AE8D-015E9C8DC2F1} = {E0E63FCE-6DAA-4717-9057-B9BA96ACFB86}
	EndGlobalSection
EndGlobal
